
Microsoft Visual Studio Solution File, Format Version 12.00
# Visual Studio Version 17
VisualStudioVersion = 17.1.32328.378
MinimumVisualStudioVersion = 10.0.40219.1
Project("{FAE04EC0-301F-11D3-BF4B-00C04F79EFBC}") = "BlazorBootrapToasts.App", "BlazorBootrapToasts.App\BlazorBootrapToasts.App.csproj", "{F7CBE359-4CF9-4704-85A5-BF0735011DAD}"
EndProject
Project("{FAE04EC0-301F-11D3-BF4B-00C04F79EFBC}") = "BlazorBootrapToasts", "BlazorBootrapToasts\BlazorBootrapToasts.csproj", "{DE167EF0-CD6C-4374-B541-E40208BE019C}"
EndProject
Global
	GlobalSection(SolutionConfigurationPlatforms) = preSolution
		Debug|Any CPU = Debug|Any CPU
		Release|Any CPU = Release|Any CPU
	EndGlobalSection
	GlobalSection(ProjectConfigurationPlatforms) = postSolution
		{F7CBE359-4CF9-4704-85A5-BF0735011DAD}.Debug|Any CPU.ActiveCfg = Debug|Any CPU
		{F7CBE359-4CF9-4704-85A5-BF0735011DAD}.Debug|Any CPU.Build.0 = Debug|Any CPU
		{F7CBE359-4CF9-4704-85A5-BF0735011DAD}.Release|Any CPU.ActiveCfg = Release|Any CPU
		{F7CBE359-4CF9-4704-85A5-BF0735011DAD}.Release|Any CPU.Build.0 = Release|Any CPU
		{DE167EF0-CD6C-4374-B541-E40208BE019C}.Debug|Any CPU.ActiveCfg = Debug|Any CPU
		{DE167EF0-CD6C-4374-B541-E40208BE019C}.Debug|Any CPU.Build.0 = Debug|Any CPU
		{DE167EF0-CD6C-4374-B541-E40208BE019C}.Release|Any CPU.ActiveCfg = Release|Any CPU
		{DE167EF0-CD6C-4374-B541-E40208BE019C}.Release|Any CPU.Build.0 = Release|Any CPU
	EndGlobalSection
	GlobalSection(SolutionProperties) = preSolution
		HideSolutionNode = FALSE
	EndGlobalSection
	GlobalSection(ExtensibilityGlobals) = postSolution
		SolutionGuid = {2FFD0982-BA38-4455-A5FA-D657C0A72BCB}
	EndGlobalSection
EndGlobal
